
Microsoft Visual Studio Solution File, Format Version 12.00
# Visual Studio Version 17
VisualStudioVersion = 17.13.35931.197 d17.13
MinimumVisualStudioVersion = 10.0.40219.1
Project("{FAE04EC0-301F-11D3-BF4B-00C04F79EFBC}") = "TaskManagement.Domain", "TaskManagement.Domain\TaskManagement.Domain.csproj", "{B76522F2-2384-465E-83C4-826855302E96}"
EndProject
Project("{FAE04EC0-301F-11D3-BF4B-00C04F79EFBC}") = "TaskManagement.Application", "TaskManagement.Application\TaskManagement.Application.csproj", "{CBB62D41-FB67-434B-AFC4-95B0DD75C444}"
EndProject
Project("{FAE04EC0-301F-11D3-BF4B-00C04F79EFBC}") = "TaskManagement.Infrastructure", "TaskManagement.Infrastructure\TaskManagement.Infrastructure.csproj", "{368C891C-FC7A-4324-A181-4D20AF846403}"
EndProject
Project("{FAE04EC0-301F-11D3-BF4B-00C04F79EFBC}") = "TaskManagement.WebAPI", "TaskManagement.WebAPI\TaskManagement.WebAPI.csproj", "{2A0EC280-C320-443D-94C2-49680A537473}"
EndProject
Project("{FAE04EC0-301F-11D3-BF4B-00C04F79EFBC}") = "TaskManagement.Tests", "TaskManagement.Tests\TaskManagement.Tests.csproj", "{F103C319-0B72-459B-963B-C42BF2FB03FA}"
EndProject
Global
	GlobalSection(SolutionConfigurationPlatforms) = preSolution
		Debug|Any CPU = Debug|Any CPU
		Release|Any CPU = Release|Any CPU
	EndGlobalSection
	GlobalSection(ProjectConfigurationPlatforms) = postSolution
		{B76522F2-2384-465E-83C4-826855302E96}.Debug|Any CPU.ActiveCfg = Debug|Any CPU
		{B76522F2-2384-465E-83C4-826855302E96}.Debug|Any CPU.Build.0 = Debug|Any CPU
		{B76522F2-2384-465E-83C4-826855302E96}.Release|Any CPU.ActiveCfg = Release|Any CPU
		{B76522F2-2384-465E-83C4-826855302E96}.Release|Any CPU.Build.0 = Release|Any CPU
		{CBB62D41-FB67-434B-AFC4-95B0DD75C444}.Debug|Any CPU.ActiveCfg = Debug|Any CPU
		{CBB62D41-FB67-434B-AFC4-95B0DD75C444}.Debug|Any CPU.Build.0 = Debug|Any CPU
		{CBB62D41-FB67-434B-AFC4-95B0DD75C444}.Release|Any CPU.ActiveCfg = Release|Any CPU
		{CBB62D41-FB67-434B-AFC4-95B0DD75C444}.Release|Any CPU.Build.0 = Release|Any CPU
		{368C891C-FC7A-4324-A181-4D20AF846403}.Debug|Any CPU.ActiveCfg = Debug|Any CPU
		{368C891C-FC7A-4324-A181-4D20AF846403}.Debug|Any CPU.Build.0 = Debug|Any CPU
		{368C891C-FC7A-4324-A181-4D20AF846403}.Release|Any CPU.ActiveCfg = Release|Any CPU
		{368C891C-FC7A-4324-A181-4D20AF846403}.Release|Any CPU.Build.0 = Release|Any CPU
		{2A0EC280-C320-443D-94C2-49680A537473}.Debug|Any CPU.ActiveCfg = Debug|Any CPU
		{2A0EC280-C320-443D-94C2-49680A537473}.Debug|Any CPU.Build.0 = Debug|Any CPU
		{2A0EC280-C320-443D-94C2-49680A537473}.Release|Any CPU.ActiveCfg = Release|Any CPU
		{2A0EC280-C320-443D-94C2-49680A537473}.Release|Any CPU.Build.0 = Release|Any CPU
		{F103C319-0B72-459B-963B-C42BF2FB03FA}.Debug|Any CPU.ActiveCfg = Debug|Any CPU
		{F103C319-0B72-459B-963B-C42BF2FB03FA}.Debug|Any CPU.Build.0 = Debug|Any CPU
		{F103C319-0B72-459B-963B-C42BF2FB03FA}.Release|Any CPU.ActiveCfg = Release|Any CPU
		{F103C319-0B72-459B-963B-C42BF2FB03FA}.Release|Any CPU.Build.0 = Release|Any CPU
	EndGlobalSection
	GlobalSection(SolutionProperties) = preSolution
		HideSolutionNode = FALSE
	EndGlobalSection
	GlobalSection(ExtensibilityGlobals) = postSolution
		SolutionGuid = {9584A420-71B7-42EB-9CE3-AD69D858F7D5}
	EndGlobalSection
EndGlobal
